
Microsoft Visual Studio Solution File, Format Version 12.00
# Visual Studio 15
VisualStudioVersion = 15.0.28010.2046
MinimumVisualStudioVersion = 10.0.40219.1
Project("{9A19103F-16F7-4668-BE54-9A1E7A4F7556}") = "CLI", "CLI\CLI.csproj", "{7B34535C-1CAE-4B77-B301-D7BC6998E689}"
	ProjectSection(ProjectDependencies) = postProject
		{AEB0A645-C1DC-4BDB-912C-302AFE4F0470} = {AEB0A645-C1DC-4BDB-912C-302AFE4F0470}
	EndProjectSection
EndProject
Project("{9A19103F-16F7-4668-BE54-9A1E7A4F7556}") = "Tests", "Tests\Tests.csproj", "{AA82DC33-8B2D-45EA-9DCE-B41568E15A08}"
EndProject
Project("{9A19103F-16F7-4668-BE54-9A1E7A4F7556}") = "OpenAI.SDK", "OpenAI.SDK\OpenAI.SDK.csproj", "{229D20A6-7476-4AF8-A041-814DF9D8B256}"
EndProject
Project("{9A19103F-16F7-4668-BE54-9A1E7A4F7556}") = "Core", "Core\Core.csproj", "{AEB0A645-C1DC-4BDB-912C-302AFE4F0470}"
EndProject
Global
	GlobalSection(SolutionConfigurationPlatforms) = preSolution
		Debug|Any CPU = Debug|Any CPU
		Release|Any CPU = Release|Any CPU
	EndGlobalSection
	GlobalSection(ProjectConfigurationPlatforms) = postSolution
		{7B34535C-1CAE-4B77-B301-D7BC6998E689}.Debug|Any CPU.ActiveCfg = Debug|Any CPU
		{7B34535C-1CAE-4B77-B301-D7BC6998E689}.Debug|Any CPU.Build.0 = Debug|Any CPU
		{7B34535C-1CAE-4B77-B301-D7BC6998E689}.Release|Any CPU.ActiveCfg = Release|Any CPU
		{7B34535C-1CAE-4B77-B301-D7BC6998E689}.Release|Any CPU.Build.0 = Release|Any CPU
		{AA82DC33-8B2D-45EA-9DCE-B41568E15A08}.Debug|Any CPU.ActiveCfg = Debug|Any CPU
		{AA82DC33-8B2D-45EA-9DCE-B41568E15A08}.Debug|Any CPU.Build.0 = Debug|Any CPU
		{AA82DC33-8B2D-45EA-9DCE-B41568E15A08}.Release|Any CPU.ActiveCfg = Release|Any CPU
		{AA82DC33-8B2D-45EA-9DCE-B41568E15A08}.Release|Any CPU.Build.0 = Release|Any CPU
		{229D20A6-7476-4AF8-A041-814DF9D8B256}.Debug|Any CPU.ActiveCfg = Debug|Any CPU
		{229D20A6-7476-4AF8-A041-814DF9D8B256}.Debug|Any CPU.Build.0 = Debug|Any CPU
		{229D20A6-7476-4AF8-A041-814DF9D8B256}.Release|Any CPU.ActiveCfg = Release|Any CPU
		{229D20A6-7476-4AF8-A041-814DF9D8B256}.Release|Any CPU.Build.0 = Release|Any CPU
		{AEB0A645-C1DC-4BDB-912C-302AFE4F0470}.Debug|Any CPU.ActiveCfg = Debug|Any CPU
		{AEB0A645-C1DC-4BDB-912C-302AFE4F0470}.Debug|Any CPU.Build.0 = Debug|Any CPU
		{AEB0A645-C1DC-4BDB-912C-302AFE4F0470}.Release|Any CPU.ActiveCfg = Release|Any CPU
		{AEB0A645-C1DC-4BDB-912C-302AFE4F0470}.Release|Any CPU.Build.0 = Release|Any CPU
	EndGlobalSection
	GlobalSection(SolutionProperties) = preSolution
		HideSolutionNode = FALSE
	EndGlobalSection
	GlobalSection(ExtensibilityGlobals) = postSolution
		SolutionGuid = {1F0F92A7-C622-4E3C-AE5D-46404C581A7E}
	EndGlobalSection
EndGlobal
